// !$*UTF8*$!
{
	archiveVersion = 1;
	classes = {
	};
	objectVersion = 46;
	objects = {

/* Begin PBXBuildFile section */
		136787A21884674500898F9A /* Parse.framework in Frameworks */ = {isa = PBXBuildFile; fileRef = 136787A11884674500898F9A /* Parse.framework */; };
		136787AC188467B900898F9A /* AudioToolbox.framework in Frameworks */ = {isa = PBXBuildFile; fileRef = 136787A3188467B900898F9A /* AudioToolbox.framework */; };
		136787AD188467B900898F9A /* CFNetwork.framework in Frameworks */ = {isa = PBXBuildFile; fileRef = 136787A4188467B900898F9A /* CFNetwork.framework */; };
		136787AE188467B900898F9A /* CoreLocation.framework in Frameworks */ = {isa = PBXBuildFile; fileRef = 136787A5188467B900898F9A /* CoreLocation.framework */; };
		136787AF188467B900898F9A /* libz.1.1.3.dylib in Frameworks */ = {isa = PBXBuildFile; fileRef = 136787A6188467B900898F9A /* libz.1.1.3.dylib */; };
		136787B0188467B900898F9A /* MobileCoreServices.framework in Frameworks */ = {isa = PBXBuildFile; fileRef = 136787A7188467B900898F9A /* MobileCoreServices.framework */; };
		136787B1188467B900898F9A /* QuartzCore.framework in Frameworks */ = {isa = PBXBuildFile; fileRef = 136787A8188467B900898F9A /* QuartzCore.framework */; };
		136787B2188467B900898F9A /* Security.framework in Frameworks */ = {isa = PBXBuildFile; fileRef = 136787A9188467B900898F9A /* Security.framework */; };
		136787B3188467B900898F9A /* StoreKit.framework in Frameworks */ = {isa = PBXBuildFile; fileRef = 136787AA188467B900898F9A /* StoreKit.framework */; };
		136787B4188467B900898F9A /* SystemConfiguration.framework in Frameworks */ = {isa = PBXBuildFile; fileRef = 136787AB188467B900898F9A /* SystemConfiguration.framework */; };
		1372F213188370530001C382 /* MIFeedViewController.m in Sources */ = {isa = PBXBuildFile; fileRef = 1372F212188370530001C382 /* MIFeedViewController.m */; };
		13E2CCFA1883651F00B6EF8A /* Foundation.framework in Frameworks */ = {isa = PBXBuildFile; fileRef = 13E2CCF91883651F00B6EF8A /* Foundation.framework */; };
		13E2CCFC1883652000B6EF8A /* CoreGraphics.framework in Frameworks */ = {isa = PBXBuildFile; fileRef = 13E2CCFB1883652000B6EF8A /* CoreGraphics.framework */; };
		13E2CCFE1883652000B6EF8A /* UIKit.framework in Frameworks */ = {isa = PBXBuildFile; fileRef = 13E2CCFD1883652000B6EF8A /* UIKit.framework */; };
		13E2CD041883652000B6EF8A /* InfoPlist.strings in Resources */ = {isa = PBXBuildFile; fileRef = 13E2CD021883652000B6EF8A /* InfoPlist.strings */; };
		13E2CD061883652000B6EF8A /* main.m in Sources */ = {isa = PBXBuildFile; fileRef = 13E2CD051883652000B6EF8A /* main.m */; };
		13E2CD0A1883652000B6EF8A /* MIAppDelegate.m in Sources */ = {isa = PBXBuildFile; fileRef = 13E2CD091883652000B6EF8A /* MIAppDelegate.m */; };
		13E2CD0C1883652000B6EF8A /* Images.xcassets in Resources */ = {isa = PBXBuildFile; fileRef = 13E2CD0B1883652000B6EF8A /* Images.xcassets */; };
		13E2CD131883652000B6EF8A /* XCTest.framework in Frameworks */ = {isa = PBXBuildFile; fileRef = 13E2CD121883652000B6EF8A /* XCTest.framework */; };
		13E2CD141883652000B6EF8A /* Foundation.framework in Frameworks */ = {isa = PBXBuildFile; fileRef = 13E2CCF91883651F00B6EF8A /* Foundation.framework */; };
		13E2CD151883652000B6EF8A /* UIKit.framework in Frameworks */ = {isa = PBXBuildFile; fileRef = 13E2CCFD1883652000B6EF8A /* UIKit.framework */; };
		13E2CD1D1883652000B6EF8A /* InfoPlist.strings in Resources */ = {isa = PBXBuildFile; fileRef = 13E2CD1B1883652000B6EF8A /* InfoPlist.strings */; };
		13E2CD1F1883652000B6EF8A /* WYRWYFTests.m in Sources */ = {isa = PBXBuildFile; fileRef = 13E2CD1E1883652000B6EF8A /* WYRWYFTests.m */; };
		13E2CD29188365A500B6EF8A /* Storyboard.storyboard in Resources */ = {isa = PBXBuildFile; fileRef = 13E2CD28188365A500B6EF8A /* Storyboard.storyboard */; };
/* End PBXBuildFile section */

/* Begin PBXContainerItemProxy section */
		13E2CD161883652000B6EF8A /* PBXContainerItemProxy */ = {
			isa = PBXContainerItemProxy;
			containerPortal = 13E2CCEE1883651F00B6EF8A /* Project object */;
			proxyType = 1;
			remoteGlobalIDString = 13E2CCF51883651F00B6EF8A;
			remoteInfo = WYRWYF;
		};
/* End PBXContainerItemProxy section */

/* Begin PBXFileReference section */
		136787A11884674500898F9A /* Parse.framework */ = {isa = PBXFileReference; lastKnownFileType = wrapper.framework; name = Parse.framework; path = WYRWYF/Parse.framework; sourceTree = "<group>"; };
		136787A3188467B900898F9A /* AudioToolbox.framework */ = {isa = PBXFileReference; lastKnownFileType = wrapper.framework; name = AudioToolbox.framework; path = System/Library/Frameworks/AudioToolbox.framework; sourceTree = SDKROOT; };
		136787A4188467B900898F9A /* CFNetwork.framework */ = {isa = PBXFileReference; lastKnownFileType = wrapper.framework; name = CFNetwork.framework; path = System/Library/Frameworks/CFNetwork.framework; sourceTree = SDKROOT; };
		136787A5188467B900898F9A /* CoreLocation.framework */ = {isa = PBXFileReference; lastKnownFileType = wrapper.framework; name = CoreLocation.framework; path = System/Library/Frameworks/CoreLocation.framework; sourceTree = SDKROOT; };
		136787A6188467B900898F9A /* libz.1.1.3.dylib */ = {isa = PBXFileReference; lastKnownFileType = "compiled.mach-o.dylib"; name = libz.1.1.3.dylib; path = usr/lib/libz.1.1.3.dylib; sourceTree = SDKROOT; };
		136787A7188467B900898F9A /* MobileCoreServices.framework */ = {isa = PBXFileReference; lastKnownFileType = wrapper.framework; name = MobileCoreServices.framework; path = System/Library/Frameworks/MobileCoreServices.framework; sourceTree = SDKROOT; };
		136787A8188467B900898F9A /* QuartzCore.framework */ = {isa = PBXFileReference; lastKnownFileType = wrapper.framework; name = QuartzCore.framework; path = System/Library/Frameworks/QuartzCore.framework; sourceTree = SDKROOT; };
		136787A9188467B900898F9A /* Security.framework */ = {isa = PBXFileReference; lastKnownFileType = wrapper.framework; name = Security.framework; path = System/Library/Frameworks/Security.framework; sourceTree = SDKROOT; };
		136787AA188467B900898F9A /* StoreKit.framework */ = {isa = PBXFileReference; lastKnownFileType = wrapper.framework; name = StoreKit.framework; path = System/Library/Frameworks/StoreKit.framework; sourceTree = SDKROOT; };
		136787AB188467B900898F9A /* SystemConfiguration.framework */ = {isa = PBXFileReference; lastKnownFileType = wrapper.framework; name = SystemConfiguration.framework; path = System/Library/Frameworks/SystemConfiguration.framework; sourceTree = SDKROOT; };
		1372F211188370530001C382 /* MIFeedViewController.h */ = {isa = PBXFileReference; fileEncoding = 4; lastKnownFileType = sourcecode.c.h; path = MIFeedViewController.h; sourceTree = "<group>"; };
		1372F212188370530001C382 /* MIFeedViewController.m */ = {isa = PBXFileReference; fileEncoding = 4; lastKnownFileType = sourcecode.c.objc; path = MIFeedViewController.m; sourceTree = "<group>"; };
		13E2CCF61883651F00B6EF8A /* WYRWYF.app */ = {isa = PBXFileReference; explicitFileType = wrapper.application; includeInIndex = 0; path = WYRWYF.app; sourceTree = BUILT_PRODUCTS_DIR; };
		13E2CCF91883651F00B6EF8A /* Foundation.framework */ = {isa = PBXFileReference; lastKnownFileType = wrapper.framework; name = Foundation.framework; path = System/Library/Frameworks/Foundation.framework; sourceTree = SDKROOT; };
		13E2CCFB1883652000B6EF8A /* CoreGraphics.framework */ = {isa = PBXFileReference; lastKnownFileType = wrapper.framework; name = CoreGraphics.framework; path = System/Library/Frameworks/CoreGraphics.framework; sourceTree = SDKROOT; };
		13E2CCFD1883652000B6EF8A /* UIKit.framework */ = {isa = PBXFileReference; lastKnownFileType = wrapper.framework; name = UIKit.framework; path = System/Library/Frameworks/UIKit.framework; sourceTree = SDKROOT; };
		13E2CD011883652000B6EF8A /* WYRWYF-Info.plist */ = {isa = PBXFileReference; lastKnownFileType = text.plist.xml; path = "WYRWYF-Info.plist"; sourceTree = "<group>"; };
		13E2CD031883652000B6EF8A /* en */ = {isa = PBXFileReference; lastKnownFileType = text.plist.strings; name = en; path = en.lproj/InfoPlist.strings; sourceTree = "<group>"; };
		13E2CD051883652000B6EF8A /* main.m */ = {isa = PBXFileReference; lastKnownFileType = sourcecode.c.objc; path = main.m; sourceTree = "<group>"; };
		13E2CD071883652000B6EF8A /* WYRWYF-Prefix.pch */ = {isa = PBXFileReference; lastKnownFileType = sourcecode.c.h; path = "WYRWYF-Prefix.pch"; sourceTree = "<group>"; };
		13E2CD081883652000B6EF8A /* MIAppDelegate.h */ = {isa = PBXFileReference; lastKnownFileType = sourcecode.c.h; path = MIAppDelegate.h; sourceTree = "<group>"; };
		13E2CD091883652000B6EF8A /* MIAppDelegate.m */ = {isa = PBXFileReference; lastKnownFileType = sourcecode.c.objc; path = MIAppDelegate.m; sourceTree = "<group>"; };
		13E2CD0B1883652000B6EF8A /* Images.xcassets */ = {isa = PBXFileReference; lastKnownFileType = folder.assetcatalog; path = Images.xcassets; sourceTree = "<group>"; };
		13E2CD111883652000B6EF8A /* WYRWYFTests.xctest */ = {isa = PBXFileReference; explicitFileType = wrapper.cfbundle; includeInIndex = 0; path = WYRWYFTests.xctest; sourceTree = BUILT_PRODUCTS_DIR; };
		13E2CD121883652000B6EF8A /* XCTest.framework */ = {isa = PBXFileReference; lastKnownFileType = wrapper.framework; name = XCTest.framework; path = Library/Frameworks/XCTest.framework; sourceTree = DEVELOPER_DIR; };
		13E2CD1A1883652000B6EF8A /* WYRWYFTests-Info.plist */ = {isa = PBXFileReference; lastKnownFileType = text.plist.xml; path = "WYRWYFTests-Info.plist"; sourceTree = "<group>"; };
		13E2CD1C1883652000B6EF8A /* en */ = {isa = PBXFileReference; lastKnownFileType = text.plist.strings; name = en; path = en.lproj/InfoPlist.strings; sourceTree = "<group>"; };
		13E2CD1E1883652000B6EF8A /* WYRWYFTests.m */ = {isa = PBXFileReference; lastKnownFileType = sourcecode.c.objc; path = WYRWYFTests.m; sourceTree = "<group>"; };
		13E2CD28188365A500B6EF8A /* Storyboard.storyboard */ = {isa = PBXFileReference; fileEncoding = 4; lastKnownFileType = file.storyboard; path = Storyboard.storyboard; sourceTree = "<group>"; };
/* End PBXFileReference section */

/* Begin PBXFrameworksBuildPhase section */
		13E2CCF31883651F00B6EF8A /* Frameworks */ = {
			isa = PBXFrameworksBuildPhase;
			buildActionMask = 2147483647;
			files = (
				136787AC188467B900898F9A /* AudioToolbox.framework in Frameworks */,
				136787AD188467B900898F9A /* CFNetwork.framework in Frameworks */,
				136787AE188467B900898F9A /* CoreLocation.framework in Frameworks */,
				136787AF188467B900898F9A /* libz.1.1.3.dylib in Frameworks */,
				136787B0188467B900898F9A /* MobileCoreServices.framework in Frameworks */,
				136787B1188467B900898F9A /* QuartzCore.framework in Frameworks */,
				136787B2188467B900898F9A /* Security.framework in Frameworks */,
				136787B3188467B900898F9A /* StoreKit.framework in Frameworks */,
				136787B4188467B900898F9A /* SystemConfiguration.framework in Frameworks */,
				13E2CCFC1883652000B6EF8A /* CoreGraphics.framework in Frameworks */,
				13E2CCFE1883652000B6EF8A /* UIKit.framework in Frameworks */,
				136787A21884674500898F9A /* Parse.framework in Frameworks */,
				13E2CCFA1883651F00B6EF8A /* Foundation.framework in Frameworks */,
			);
			runOnlyForDeploymentPostprocessing = 0;
		};
		13E2CD0E1883652000B6EF8A /* Frameworks */ = {
			isa = PBXFrameworksBuildPhase;
			buildActionMask = 2147483647;
			files = (
				13E2CD131883652000B6EF8A /* XCTest.framework in Frameworks */,
				13E2CD151883652000B6EF8A /* UIKit.framework in Frameworks */,
				13E2CD141883652000B6EF8A /* Foundation.framework in Frameworks */,
			);
			runOnlyForDeploymentPostprocessing = 0;
		};
/* End PBXFrameworksBuildPhase section */

/* Begin PBXGroup section */
		13E2CCED1883651F00B6EF8A = {
			isa = PBXGroup;
			children = (
				13E2CCFF1883652000B6EF8A /* WYRWYF */,
				13E2CD181883652000B6EF8A /* WYRWYFTests */,
				13E2CCF81883651F00B6EF8A /* Frameworks */,
				13E2CCF71883651F00B6EF8A /* Products */,
			);
			sourceTree = "<group>";
		};
		13E2CCF71883651F00B6EF8A /* Products */ = {
			isa = PBXGroup;
			children = (
				13E2CCF61883651F00B6EF8A /* WYRWYF.app */,
				13E2CD111883652000B6EF8A /* WYRWYFTests.xctest */,
			);
			name = Products;
			sourceTree = "<group>";
		};
		13E2CCF81883651F00B6EF8A /* Frameworks */ = {
			isa = PBXGroup;
			children = (
				136787A3188467B900898F9A /* AudioToolbox.framework */,
				136787A4188467B900898F9A /* CFNetwork.framework */,
				136787A5188467B900898F9A /* CoreLocation.framework */,
				136787A6188467B900898F9A /* libz.1.1.3.dylib */,
				136787A7188467B900898F9A /* MobileCoreServices.framework */,
				136787A8188467B900898F9A /* QuartzCore.framework */,
				136787A9188467B900898F9A /* Security.framework */,
				136787AA188467B900898F9A /* StoreKit.framework */,
				136787AB188467B900898F9A /* SystemConfiguration.framework */,
				136787A11884674500898F9A /* Parse.framework */,
				13E2CCF91883651F00B6EF8A /* Foundation.framework */,
				13E2CCFB1883652000B6EF8A /* CoreGraphics.framework */,
				13E2CCFD1883652000B6EF8A /* UIKit.framework */,
				13E2CD121883652000B6EF8A /* XCTest.framework */,
			);
			name = Frameworks;
			sourceTree = "<group>";
		};
		13E2CCFF1883652000B6EF8A /* WYRWYF */ = {
			isa = PBXGroup;
			children = (
				13E2CD28188365A500B6EF8A /* Storyboard.storyboard */,
				1372F211188370530001C382 /* MIFeedViewController.h */,
				1372F212188370530001C382 /* MIFeedViewController.m */,
				13E2CD081883652000B6EF8A /* MIAppDelegate.h */,
				13E2CD091883652000B6EF8A /* MIAppDelegate.m */,
				13E2CD0B1883652000B6EF8A /* Images.xcassets */,
				13E2CD001883652000B6EF8A /* Supporting Files */,
			);
			path = WYRWYF;
			sourceTree = "<group>";
		};
		13E2CD001883652000B6EF8A /* Supporting Files */ = {
			isa = PBXGroup;
			children = (
				13E2CD011883652000B6EF8A /* WYRWYF-Info.plist */,
				13E2CD021883652000B6EF8A /* InfoPlist.strings */,
				13E2CD051883652000B6EF8A /* main.m */,
				13E2CD071883652000B6EF8A /* WYRWYF-Prefix.pch */,
			);
			name = "Supporting Files";
			sourceTree = "<group>";
		};
		13E2CD181883652000B6EF8A /* WYRWYFTests */ = {
			isa = PBXGroup;
			children = (
				13E2CD1E1883652000B6EF8A /* WYRWYFTests.m */,
				13E2CD191883652000B6EF8A /* Supporting Files */,
			);
			path = WYRWYFTests;
			sourceTree = "<group>";
		};
		13E2CD191883652000B6EF8A /* Supporting Files */ = {
			isa = PBXGroup;
			children = (
				13E2CD1A1883652000B6EF8A /* WYRWYFTests-Info.plist */,
				13E2CD1B1883652000B6EF8A /* InfoPlist.strings */,
			);
			name = "Supporting Files";
			sourceTree = "<group>";
		};
/* End PBXGroup section */

/* Begin PBXNativeTarget section */
		13E2CCF51883651F00B6EF8A /* WYRWYF */ = {
			isa = PBXNativeTarget;
			buildConfigurationList = 13E2CD221883652000B6EF8A /* Build configuration list for PBXNativeTarget "WYRWYF" */;
			buildPhases = (
				13E2CCF21883651F00B6EF8A /* Sources */,
				13E2CCF31883651F00B6EF8A /* Frameworks */,
				13E2CCF41883651F00B6EF8A /* Resources */,
			);
			buildRules = (
			);
			dependencies = (
			);
			name = WYRWYF;
			productName = WYRWYF;
			productReference = 13E2CCF61883651F00B6EF8A /* WYRWYF.app */;
			productType = "com.apple.product-type.application";
		};
		13E2CD101883652000B6EF8A /* WYRWYFTests */ = {
			isa = PBXNativeTarget;
			buildConfigurationList = 13E2CD251883652000B6EF8A /* Build configuration list for PBXNativeTarget "WYRWYFTests" */;
			buildPhases = (
				13E2CD0D1883652000B6EF8A /* Sources */,
				13E2CD0E1883652000B6EF8A /* Frameworks */,
				13E2CD0F1883652000B6EF8A /* Resources */,
			);
			buildRules = (
			);
			dependencies = (
				13E2CD171883652000B6EF8A /* PBXTargetDependency */,
			);
			name = WYRWYFTests;
			productName = WYRWYFTests;
			productReference = 13E2CD111883652000B6EF8A /* WYRWYFTests.xctest */;
			productType = "com.apple.product-type.bundle.unit-test";
		};
/* End PBXNativeTarget section */

/* Begin PBXProject section */
		13E2CCEE1883651F00B6EF8A /* Project object */ = {
			isa = PBXProject;
			attributes = {
				CLASSPREFIX = MI;
				LastUpgradeCheck = 0500;
				ORGANIZATIONNAME = Irtefa;
				TargetAttributes = {
					13E2CD101883652000B6EF8A = {
						TestTargetID = 13E2CCF51883651F00B6EF8A;
					};
				};
			};
			buildConfigurationList = 13E2CCF11883651F00B6EF8A /* Build configuration list for PBXProject "WYRWYF" */;
			compatibilityVersion = "Xcode 3.2";
			developmentRegion = English;
			hasScannedForEncodings = 0;
			knownRegions = (
				en,
			);
			mainGroup = 13E2CCED1883651F00B6EF8A;
			productRefGroup = 13E2CCF71883651F00B6EF8A /* Products */;
			projectDirPath = "";
			projectRoot = "";
			targets = (
				13E2CCF51883651F00B6EF8A /* WYRWYF */,
				13E2CD101883652000B6EF8A /* WYRWYFTests */,
			);
		};
/* End PBXProject section */

/* Begin PBXResourcesBuildPhase section */
		13E2CCF41883651F00B6EF8A /* Resources */ = {
			isa = PBXResourcesBuildPhase;
			buildActionMask = 2147483647;
			files = (
				13E2CD041883652000B6EF8A /* InfoPlist.strings in Resources */,
				13E2CD0C1883652000B6EF8A /* Images.xcassets in Resources */,
				13E2CD29188365A500B6EF8A /* Storyboard.storyboard in Resources */,
			);
			runOnlyForDeploymentPostprocessing = 0;
		};
		13E2CD0F1883652000B6EF8A /* Resources */ = {
			isa = PBXResourcesBuildPhase;
			buildActionMask = 2147483647;
			files = (
				13E2CD1D1883652000B6EF8A /* InfoPlist.strings in Resources */,
			);
			runOnlyForDeploymentPostprocessing = 0;
		};
/* End PBXResourcesBuildPhase section */

/* Begin PBXSourcesBuildPhase section */
		13E2CCF21883651F00B6EF8A /* Sources */ = {
			isa = PBXSourcesBuildPhase;
			buildActionMask = 2147483647;
			files = (
				13E2CD0A1883652000B6EF8A /* MIAppDelegate.m in Sources */,
				13E2CD061883652000B6EF8A /* main.m in Sources */,
				1372F213188370530001C382 /* MIFeedViewController.m in Sources */,
			);
			runOnlyForDeploymentPostprocessing = 0;
		};
		13E2CD0D1883652000B6EF8A /* Sources */ = {
			isa = PBXSourcesBuildPhase;
			buildActionMask = 2147483647;
			files = (
				13E2CD1F1883652000B6EF8A /* WYRWYFTests.m in Sources */,
			);
			runOnlyForDeploymentPostprocessing = 0;
		};
/* End PBXSourcesBuildPhase section */

/* Begin PBXTargetDependency section */
		13E2CD171883652000B6EF8A /* PBXTargetDependency */ = {
			isa = PBXTargetDependency;
			target = 13E2CCF51883651F00B6EF8A /* WYRWYF */;
			targetProxy = 13E2CD161883652000B6EF8A /* PBXContainerItemProxy */;
		};
/* End PBXTargetDependency section */

/* Begin PBXVariantGroup section */
		13E2CD021883652000B6EF8A /* InfoPlist.strings */ = {
			isa = PBXVariantGroup;
			children = (
				13E2CD031883652000B6EF8A /* en */,
			);
			name = InfoPlist.strings;
			sourceTree = "<group>";
		};
		13E2CD1B1883652000B6EF8A /* InfoPlist.strings */ = {
			isa = PBXVariantGroup;
			children = (
				13E2CD1C1883652000B6EF8A /* en */,
			);
			name = InfoPlist.strings;
			sourceTree = "<group>";
		};
/* End PBXVariantGroup section */

/* Begin XCBuildConfiguration section */
		13E2CD201883652000B6EF8A /* Debug */ = {
			isa = XCBuildConfiguration;
			buildSettings = {
				ALWAYS_SEARCH_USER_PATHS = NO;
				ARCHS = "$(ARCHS_STANDARD_INCLUDING_64_BIT)";
				CLANG_CXX_LANGUAGE_STANDARD = "gnu++0x";
				CLANG_CXX_LIBRARY = "libc++";
				CLANG_ENABLE_MODULES = YES;
				CLANG_ENABLE_OBJC_ARC = YES;
				CLANG_WARN_BOOL_CONVERSION = YES;
				CLANG_WARN_CONSTANT_CONVERSION = YES;
				CLANG_WARN_DIRECT_OBJC_ISA_USAGE = YES_ERROR;
				CLANG_WARN_EMPTY_BODY = YES;
				CLANG_WARN_ENUM_CONVERSION = YES;
				CLANG_WARN_INT_CONVERSION = YES;
				CLANG_WARN_OBJC_ROOT_CLASS = YES_ERROR;
				CLANG_WARN__DUPLICATE_METHOD_MATCH = YES;
				"CODE_SIGN_IDENTITY[sdk=iphoneos*]" = "iPhone Developer";
				COPY_PHASE_STRIP = NO;
				GCC_C_LANGUAGE_STANDARD = gnu99;
				GCC_DYNAMIC_NO_PIC = NO;
				GCC_OPTIMIZATION_LEVEL = 0;
				GCC_PREPROCESSOR_DEFINITIONS = (
					"DEBUG=1",
					"$(inherited)",
				);
				GCC_SYMBOLS_PRIVATE_EXTERN = NO;
				GCC_WARN_64_TO_32_BIT_CONVERSION = YES;
				GCC_WARN_ABOUT_RETURN_TYPE = YES_ERROR;
				GCC_WARN_UNDECLARED_SELECTOR = YES;
				GCC_WARN_UNINITIALIZED_AUTOS = YES;
				GCC_WARN_UNUSED_FUNCTION = YES;
				GCC_WARN_UNUSED_VARIABLE = YES;
				IPHONEOS_DEPLOYMENT_TARGET = 7.0;
				ONLY_ACTIVE_ARCH = YES;
				SDKROOT = iphoneos;
			};
			name = Debug;
		};
		13E2CD211883652000B6EF8A /* Release */ = {
			isa = XCBuildConfiguration;
			buildSettings = {
				ALWAYS_SEARCH_USER_PATHS = NO;
				ARCHS = "$(ARCHS_STANDARD_INCLUDING_64_BIT)";
				CLANG_CXX_LANGUAGE_STANDARD = "gnu++0x";
				CLANG_CXX_LIBRARY = "libc++";
				CLANG_ENABLE_MODULES = YES;
				CLANG_ENABLE_OBJC_ARC = YES;
				CLANG_WARN_BOOL_CONVERSION = YES;
				CLANG_WARN_CONSTANT_CONVERSION = YES;
				CLANG_WARN_DIRECT_OBJC_ISA_USAGE = YES_ERROR;
				CLANG_WARN_EMPTY_BODY = YES;
				CLANG_WARN_ENUM_CONVERSION = YES;
				CLANG_WARN_INT_CONVERSION = YES;
				CLANG_WARN_OBJC_ROOT_CLASS = YES_ERROR;
				CLANG_WARN__DUPLICATE_METHOD_MATCH = YES;
				"CODE_SIGN_IDENTITY[sdk=iphoneos*]" = "iPhone Developer";
				COPY_PHASE_STRIP = YES;
				ENABLE_NS_ASSERTIONS = NO;
				GCC_C_LANGUAGE_STANDARD = gnu99;
				GCC_WARN_64_TO_32_BIT_CONVERSION = YES;
				GCC_WARN_ABOUT_RETURN_TYPE = YES_ERROR;
				GCC_WARN_UNDECLARED_SELECTOR = YES;
				GCC_WARN_UNINITIALIZED_AUTOS = YES;
				GCC_WARN_UNUSED_FUNCTION = YES;
				GCC_WARN_UNUSED_VARIABLE = YES;
				IPHONEOS_DEPLOYMENT_TARGET = 7.0;
				SDKROOT = iphoneos;
				VALIDATE_PRODUCT = YES;
			};
			name = Release;
		};
		13E2CD231883652000B6EF8A /* Debug */ = {
			isa = XCBuildConfiguration;
			buildSettings = {
				ASSETCATALOG_COMPILER_APPICON_NAME = AppIcon;
				ASSETCATALOG_COMPILER_LAUNCHIMAGE_NAME = LaunchImage;
				FRAMEWORK_SEARCH_PATHS = (
					"$(inherited)",
					/Users/mohdirtefa/Developer/WYRWYF/WYRWYF,
				);
				GCC_PRECOMPILE_PREFIX_HEADER = YES;
				GCC_PREFIX_HEADER = "WYRWYF/WYRWYF-Prefix.pch";
				INFOPLIST_FILE = "WYRWYF/WYRWYF-Info.plist";
				PRODUCT_NAME = "$(TARGET_NAME)";
				WRAPPER_EXTENSION = app;
			};
			name = Debug;
		};
		13E2CD241883652000B6EF8A /* Release */ = {
			isa = XCBuildConfiguration;
			buildSettings = {
				ASSETCATALOG_COMPILER_APPICON_NAME = AppIcon;
				ASSETCATALOG_COMPILER_LAUNCHIMAGE_NAME = LaunchImage;
				FRAMEWORK_SEARCH_PATHS = (
					"$(inherited)",
					/Users/mohdirtefa/Developer/WYRWYF/WYRWYF,
				);
				GCC_PRECOMPILE_PREFIX_HEADER = YES;
				GCC_PREFIX_HEADER = "WYRWYF/WYRWYF-Prefix.pch";
				INFOPLIST_FILE = "WYRWYF/WYRWYF-Info.plist";
				PRODUCT_NAME = "$(TARGET_NAME)";
				WRAPPER_EXTENSION = app;
			};
			name = Release;
		};
		13E2CD261883652000B6EF8A /* Debug */ = {
			isa = XCBuildConfiguration;
			buildSettings = {
				ARCHS = "$(ARCHS_STANDARD_INCLUDING_64_BIT)";
				BUNDLE_LOADER = "$(BUILT_PRODUCTS_DIR)/WYRWYF.app/WYRWYF";
				FRAMEWORK_SEARCH_PATHS = (
					"$(SDKROOT)/Developer/Library/Frameworks",
					"$(inherited)",
					"$(DEVELOPER_FRAMEWORKS_DIR)",
				);
				GCC_PRECOMPILE_PREFIX_HEADER = YES;
				GCC_PREFIX_HEADER = "WYRWYF/WYRWYF-Prefix.pch";
				GCC_PREPROCESSOR_DEFINITIONS = (
					"DEBUG=1",
					"$(inherited)",
				);
				INFOPLIST_FILE = "WYRWYFTests/WYRWYFTests-Info.plist";
				PRODUCT_NAME = "$(TARGET_NAME)";
				TEST_HOST = "$(BUNDLE_LOADER)";
				WRAPPER_EXTENSION = xctest;
			};
			name = Debug;
		};
		13E2CD271883652000B6EF8A /* Release */ = {
			isa = XCBuildConfiguration;
			buildSettings = {
				ARCHS = "$(ARCHS_STANDARD_INCLUDING_64_BIT)";
				BUNDLE_LOADER = "$(BUILT_PRODUCTS_DIR)/WYRWYF.app/WYRWYF";
				FRAMEWORK_SEARCH_PATHS = (
					"$(SDKROOT)/Developer/Library/Frameworks",
					"$(inherited)",
					"$(DEVELOPER_FRAMEWORKS_DIR)",
				);
				GCC_PRECOMPILE_PREFIX_HEADER = YES;
				GCC_PREFIX_HEADER = "WYRWYF/WYRWYF-Prefix.pch";
				INFOPLIST_FILE = "WYRWYFTests/WYRWYFTests-Info.plist";
				PRODUCT_NAME = "$(TARGET_NAME)";
				TEST_HOST = "$(BUNDLE_LOADER)";
				WRAPPER_EXTENSION = xctest;
			};
			name = Release;
		};
/* End XCBuildConfiguration section */

/* Begin XCConfigurationList section */
		13E2CCF11883651F00B6EF8A /* Build configuration list for PBXProject "WYRWYF" */ = {
			isa = XCConfigurationList;
			buildConfigurations = (
				13E2CD201883652000B6EF8A /* Debug */,
				13E2CD211883652000B6EF8A /* Release */,
			);
			defaultConfigurationIsVisible = 0;
			defaultConfigurationName = Release;
		};
		13E2CD221883652000B6EF8A /* Build configuration list for PBXNativeTarget "WYRWYF" */ = {
			isa = XCConfigurationList;
			buildConfigurations = (
				13E2CD231883652000B6EF8A /* Debug */,
				13E2CD241883652000B6EF8A /* Release */,
			);
			defaultConfigurationIsVisible = 0;
			defaultConfigurationName = Release;
		};
		13E2CD251883652000B6EF8A /* Build configuration list for PBXNativeTarget "WYRWYFTests" */ = {
			isa = XCConfigurationList;
			buildConfigurations = (
				13E2CD261883652000B6EF8A /* Debug */,
				13E2CD271883652000B6EF8A /* Release */,
			);
			defaultConfigurationIsVisible = 0;
			defaultConfigurationName = Release;
		};
/* End XCConfigurationList section */
	};
	rootObject = 13E2CCEE1883651F00B6EF8A /* Project object */;
}
